{
  "requires": true,
  "lockfileVersion": 1,
  "dependencies": {
    "@angular/animations": {
      "version": "4.4.7",
      "resolved": "https://registry.npmjs.org/@angular/animations/-/animations-4.4.7.tgz",
      "integrity": "sha512-clP1xZw3KCfdj5rGDies5L5iwLgXzVFQ/B66Yj9oc24mJyK9oZARmuXdHfu+y8YtlW2b3wNSK2JH3qygaxbNLA==",
      "requires": {
        "tslib": "^1.7.1"
      }
    },
    "@angular/common": {
      "version": "4.4.7",
      "resolved": "https://registry.npmjs.org/@angular/common/-/common-4.4.7.tgz",
      "integrity": "sha512-5R0POjbT4CR+8vXS7P33SiozJpTEKDsHq07EMm90OCwoofU5DIKDLNyEqr362zsbpzGUTmhGbSiLZib5Qt4djA==",
      "requires": {
        "tslib": "^1.7.1"
      }
    },
    "@angular/compiler": {
      "version": "4.4.7",
      "resolved": "https://registry.npmjs.org/@angular/compiler/-/compiler-4.4.7.tgz",
      "integrity": "sha512-aiRh86RqHMTgJ7xckQWzG2UTnq23+WuDVhYh/QL19R43areZLglqgtKSkfezg9aatO5CGzxDA3qL5WGhccQ5EQ==",
      "requires": {
        "tslib": "^1.7.1"
      }
    },
    "@angular/core": {
      "version": "4.4.7",
      "resolved": "https://registry.npmjs.org/@angular/core/-/core-4.4.7.tgz",
      "integrity": "sha512-Jxs6gNTl5KjXflg5vi5rlnokq1johFccN94qSOgDv+Mg1iuGF2i9p7EHkw3Y8jBCVaSLw1qgHE+wMb6KTlJDLA==",
      "requires": {
        "tslib": "^1.7.1"
      }
    },
    "@angular/forms": {
      "version": "4.4.7",
      "resolved": "https://registry.npmjs.org/@angular/forms/-/forms-4.4.7.tgz",
      "integrity": "sha512-EXGutI4GNBptpwkCQdCTxWAlJll8aCV7m3cA1FHZgFP7VNSgYF0pD+PscM5jSeajG30cRjaKxgL4cqj6yMMtww==",
      "requires": {
        "tslib": "^1.7.1"
      }
    },
    "@angular/platform-browser": {
      "version": "4.4.7",
      "resolved": "https://registry.npmjs.org/@angular/platform-browser/-/platform-browser-4.4.7.tgz",
      "integrity": "sha512-5WGMhUbaepmNoE597N/6R4jDdSqe4wwJblfi6bOJI34QStmD6QRnmg3H7ujr8lLhRBo9P3zH+hn7bM3RxUIEJg==",
      "requires": {
        "tslib": "^1.7.1"
      }
    },
    "@angular/router": {
      "version": "4.4.7",
      "resolved": "https://registry.npmjs.org/@angular/router/-/router-4.4.7.tgz",
      "integrity": "sha512-WaVnBP41UdrUwReSUgB5YE6C37PrYFSaiFAoPRTx4RC0jeRE+ncFWwessVIh0kvfEK4ROkO3QK2BtLzMUY5GNg==",
      "requires": {
        "tslib": "^1.7.1"
      }
    },
    "@zlux/grid": {
      "version": "git+ssh://git@github.com/rocketgiza/zlux-grid.git#1c1508074314980f07774f3c6c6559cefd2b6c1a",
      "from": "git+ssh://git@github.com/rocketgiza/zlux-grid.git",
      "requires": {
        "@angular/animations": "^4.0.0",
        "@angular/common": "^4.0.0",
        "@angular/compiler": "^4.0.0",
        "@angular/core": "^4.0.0",
        "@angular/forms": "^4.0.0",
        "@angular/platform-browser": "^4.0.0",
        "@angular/router": "^4.0.0",
        "primeng": "^5.2.4"
      }
    },
    "primeng": {
      "version": "5.2.7",
      "resolved": "https://registry.npmjs.org/primeng/-/primeng-5.2.7.tgz",
      "integrity": "sha512-7TyD4zEhG00LK2oJRl8rhBpLD/3HUhc2Yicj0G/H2xQGw7CP8Kx9dUBStQ2ebOhlV6o8GHB5hAXI/fISG6ocpw=="
    },
    "tslib": {
      "version": "1.9.3",
      "resolved": "https://registry.npmjs.org/tslib/-/tslib-1.9.3.tgz",
      "integrity": "sha512-4krF8scpejhaOgqzBEcGM7yDIEfi0/8+8zDRZhNZZ2kjmHJ4hv3zCbQWxoJGz1iw5U0Jl0nma13xzHXcncMavQ=="
    }
  }
}